
Microsoft Visual Studio Solution File, Format Version 12.00
# Visual Studio 15
VisualStudioVersion = 15.0.27428.2002
MinimumVisualStudioVersion = 10.0.40219.1
Project("{FAE04EC0-301F-11D3-BF4B-00C04F79EFBC}") = "VEGACABLE", "VEGAACABLE\VEGACABLE.csproj", "{4F00D82F-28CD-4144-8343-FA5562955A3B}"
EndProject
Global
	GlobalSection(SolutionConfigurationPlatforms) = preSolution
		Debug|Any CPU = Debug|Any CPU
		Release|Any CPU = Release|Any CPU
	EndGlobalSection
	GlobalSection(ProjectConfigurationPlatforms) = postSolution
		{4F00D82F-28CD-4144-8343-FA5562955A3B}.Debug|Any CPU.ActiveCfg = Debug|Any CPU
		{4F00D82F-28CD-4144-8343-FA5562955A3B}.Debug|Any CPU.Build.0 = Debug|Any CPU
		{4F00D82F-28CD-4144-8343-FA5562955A3B}.Release|Any CPU.ActiveCfg = Release|Any CPU
		{4F00D82F-28CD-4144-8343-FA5562955A3B}.Release|Any CPU.Build.0 = Release|Any CPU
	EndGlobalSection
	GlobalSection(SolutionProperties) = preSolution
		HideSolutionNode = FALSE
	EndGlobalSection
	GlobalSection(ExtensibilityGlobals) = postSolution
		SolutionGuid = {05B8F7A0-D707-40FB-8CC5-D4E9A17AC1E4}
	EndGlobalSection
EndGlobal
